
Microsoft Visual Studio Solution File, Format Version 12.00
# Visual Studio Version 16
VisualStudioVersion = 16.0.30204.135
MinimumVisualStudioVersion = 10.0.40219.1
Project("{8BC9CEB8-8B4A-11D0-8D11-00A0C91BC942}") = "CalcWithGui", "CalcWithGui.vcxproj", "{B4A848BA-36E7-4E40-9F41-5E5D57A35F46}"
EndProject
Global
	GlobalSection(SolutionConfigurationPlatforms) = preSolution
		Debug|x86 = Debug|x86
		Release|x86 = Release|x86
	EndGlobalSection
	GlobalSection(ProjectConfigurationPlatforms) = postSolution
		{B4A848BA-36E7-4E40-9F41-5E5D57A35F46}.Debug|x86.ActiveCfg = Debug|Win32
		{B4A848BA-36E7-4E40-9F41-5E5D57A35F46}.Debug|x86.Build.0 = Debug|Win32
		{B4A848BA-36E7-4E40-9F41-5E5D57A35F46}.Release|x86.ActiveCfg = Release|Win32
		{B4A848BA-36E7-4E40-9F41-5E5D57A35F46}.Release|x86.Build.0 = Release|Win32
	EndGlobalSection
	GlobalSection(SolutionProperties) = preSolution
		HideSolutionNode = FALSE
	EndGlobalSection
	GlobalSection(ExtensibilityGlobals) = postSolution
		SolutionGuid = {C1391388-457C-479E-AF79-8DBB09D8284F}
	EndGlobalSection
EndGlobal
